
Microsoft Visual Studio Solution File, Format Version 12.00
# Visual Studio 15
VisualStudioVersion = 15.0.28307.2092
MinimumVisualStudioVersion = 10.0.40219.1
Project("{8BC9CEB8-8B4A-11D0-8D11-00A0C91BC942}") = "Project", "Project\Project.vcxproj", "{9942C1FD-70F6-4195-8486-41A05D23FFA9}"
EndProject
Project("{8BC9CEB8-8B4A-11D0-8D11-00A0C91BC942}") = "UnitTest1", "UnitTest1\UnitTest1.vcxproj", "{1C01BFEA-2901-4ADE-8B05-4797FF488B9F}"
EndProject
Global
	GlobalSection(SolutionConfigurationPlatforms) = preSolution
		Debug|x64 = Debug|x64
		Debug|x86 = Debug|x86
		Release|x64 = Release|x64
		Release|x86 = Release|x86
	EndGlobalSection
	GlobalSection(ProjectConfigurationPlatforms) = postSolution
		{9942C1FD-70F6-4195-8486-41A05D23FFA9}.Debug|x64.ActiveCfg = Debug|x64
		{9942C1FD-70F6-4195-8486-41A05D23FFA9}.Debug|x64.Build.0 = Debug|x64
		{9942C1FD-70F6-4195-8486-41A05D23FFA9}.Debug|x86.ActiveCfg = Debug|Win32
		{9942C1FD-70F6-4195-8486-41A05D23FFA9}.Debug|x86.Build.0 = Debug|Win32
		{9942C1FD-70F6-4195-8486-41A05D23FFA9}.Release|x64.ActiveCfg = Release|x64
		{9942C1FD-70F6-4195-8486-41A05D23FFA9}.Release|x64.Build.0 = Release|x64
		{9942C1FD-70F6-4195-8486-41A05D23FFA9}.Release|x86.ActiveCfg = Release|Win32
		{9942C1FD-70F6-4195-8486-41A05D23FFA9}.Release|x86.Build.0 = Release|Win32
		{1C01BFEA-2901-4ADE-8B05-4797FF488B9F}.Debug|x64.ActiveCfg = Debug|x64
		{1C01BFEA-2901-4ADE-8B05-4797FF488B9F}.Debug|x64.Build.0 = Debug|x64
		{1C01BFEA-2901-4ADE-8B05-4797FF488B9F}.Debug|x86.ActiveCfg = Debug|Win32
		{1C01BFEA-2901-4ADE-8B05-4797FF488B9F}.Debug|x86.Build.0 = Debug|Win32
		{1C01BFEA-2901-4ADE-8B05-4797FF488B9F}.Release|x64.ActiveCfg = Release|x64
		{1C01BFEA-2901-4ADE-8B05-4797FF488B9F}.Release|x64.Build.0 = Release|x64
		{1C01BFEA-2901-4ADE-8B05-4797FF488B9F}.Release|x86.ActiveCfg = Release|Win32
		{1C01BFEA-2901-4ADE-8B05-4797FF488B9F}.Release|x86.Build.0 = Release|Win32
	EndGlobalSection
	GlobalSection(SolutionProperties) = preSolution
		HideSolutionNode = FALSE
	EndGlobalSection
	GlobalSection(ExtensibilityGlobals) = postSolution
		SolutionGuid = {9C651466-0B53-4269-A9F6-C28C66371730}
	EndGlobalSection
EndGlobal
